
Microsoft Visual Studio Solution File, Format Version 12.00
# Visual Studio Version 17
VisualStudioVersion = 17.4.33205.214
MinimumVisualStudioVersion = 10.0.40219.1
Project("{9A19103F-16F7-4668-BE54-9A1E7A4F7556}") = "MyList", "MyList\MyList.csproj", "{B07DEFF5-5DF9-43ED-8D6D-BBF8E2B0B371}"
EndProject
Project("{FAE04EC0-301F-11D3-BF4B-00C04F79EFBC}") = "SortedList", "SortedList\SortedList.csproj", "{F5E41E7F-9501-4CB2-80DD-931ECF0CFEA5}"
EndProject
Global
	GlobalSection(SolutionConfigurationPlatforms) = preSolution
		Debug|Any CPU = Debug|Any CPU
		Release|Any CPU = Release|Any CPU
	EndGlobalSection
	GlobalSection(ProjectConfigurationPlatforms) = postSolution
		{B07DEFF5-5DF9-43ED-8D6D-BBF8E2B0B371}.Debug|Any CPU.ActiveCfg = Debug|Any CPU
		{B07DEFF5-5DF9-43ED-8D6D-BBF8E2B0B371}.Debug|Any CPU.Build.0 = Debug|Any CPU
		{B07DEFF5-5DF9-43ED-8D6D-BBF8E2B0B371}.Release|Any CPU.ActiveCfg = Release|Any CPU
		{B07DEFF5-5DF9-43ED-8D6D-BBF8E2B0B371}.Release|Any CPU.Build.0 = Release|Any CPU
		{F5E41E7F-9501-4CB2-80DD-931ECF0CFEA5}.Debug|Any CPU.ActiveCfg = Debug|Any CPU
		{F5E41E7F-9501-4CB2-80DD-931ECF0CFEA5}.Debug|Any CPU.Build.0 = Debug|Any CPU
		{F5E41E7F-9501-4CB2-80DD-931ECF0CFEA5}.Release|Any CPU.ActiveCfg = Release|Any CPU
		{F5E41E7F-9501-4CB2-80DD-931ECF0CFEA5}.Release|Any CPU.Build.0 = Release|Any CPU
	EndGlobalSection
	GlobalSection(SolutionProperties) = preSolution
		HideSolutionNode = FALSE
	EndGlobalSection
	GlobalSection(ExtensibilityGlobals) = postSolution
		SolutionGuid = {A5029D49-DBB3-4235-BC47-33FEE39B0C24}
	EndGlobalSection
EndGlobal
